{
  "originHash" : "a5dcfb69a823ffd1471acbac017078533ae0f992fd320b9b2a203ab297fef8f0",
  "pins" : [
    {
      "identity" : "extensions",
      "kind" : "remoteSourceControl",
      "location" : "https://github.com/leviouwendijk/Extensions.git",
      "state" : {
        "branch" : "master",
        "revision" : "4e56561722a4d135d9600db2963b1d39d7099b2c"
      }
    },
    {
      "identity" : "plate",
      "kind" : "remoteSourceControl",
      "location" : "https://github.com/leviouwendijk/plate.git",
      "state" : {
        "branch" : "master",
        "revision" : "ca9691c1f14f5221558e473ea98c5b3dd984a488"
      }
    },
    {
      "identity" : "structures",
      "kind" : "remoteSourceControl",
      "location" : "https://github.com/leviouwendijk/Structures.git",
      "state" : {
        "branch" : "master",
        "revision" : "3cd74423f218095c22dff13f3569481e809434c5"
      }
    }
  ],
  "version" : 3
}
