{
  "originHash" : "a5dcfb69a823ffd1471acbac017078533ae0f992fd320b9b2a203ab297fef8f0",
  "pins" : [
    {
      "identity" : "extensions",
      "kind" : "remoteSourceControl",
      "location" : "https://github.com/leviouwendijk/Extensions.git",
      "state" : {
        "branch" : "master",
        "revision" : "47e12ececba72530f86128db59e41d6e8a2bbf34"
      }
    },
    {
      "identity" : "plate",
      "kind" : "remoteSourceControl",
      "location" : "https://github.com/leviouwendijk/plate.git",
      "state" : {
        "branch" : "master",
        "revision" : "995d675161b8216c866638fa940b737eab3594db"
      }
    },
    {
      "identity" : "structures",
      "kind" : "remoteSourceControl",
      "location" : "https://github.com/leviouwendijk/Structures.git",
      "state" : {
        "branch" : "master",
        "revision" : "28a7e089e9508b6229e71bea8fef30f4371fbe53"
      }
    }
  ],
  "version" : 3
}
